
Microsoft Visual Studio Solution File, Format Version 12.00
# Visual Studio Version 17
VisualStudioVersion = 17.8.34330.188
MinimumVisualStudioVersion = 10.0.40219.1
Project("{FAE04EC0-301F-11D3-BF4B-00C04F79EFBC}") = "PicasaToXMP", "PicasaToXMP.csproj", "{EEB6BE04-D9DE-4536-A78F-4108A9081C26}"
EndProject
Global
	GlobalSection(SolutionConfigurationPlatforms) = preSolution
		Debug|Any CPU = Debug|Any CPU
		Release|Any CPU = Release|Any CPU
	EndGlobalSection
	GlobalSection(ProjectConfigurationPlatforms) = postSolution
		{EEB6BE04-D9DE-4536-A78F-4108A9081C26}.Debug|Any CPU.ActiveCfg = Debug|Any CPU
		{EEB6BE04-D9DE-4536-A78F-4108A9081C26}.Debug|Any CPU.Build.0 = Debug|Any CPU
		{EEB6BE04-D9DE-4536-A78F-4108A9081C26}.Release|Any CPU.ActiveCfg = Release|Any CPU
		{EEB6BE04-D9DE-4536-A78F-4108A9081C26}.Release|Any CPU.Build.0 = Release|Any CPU
	EndGlobalSection
	GlobalSection(SolutionProperties) = preSolution
		HideSolutionNode = FALSE
	EndGlobalSection
	GlobalSection(ExtensibilityGlobals) = postSolution
		SolutionGuid = {8FC3090D-DE6F-4855-B0AC-B35BEFD4C9C3}
	EndGlobalSection
EndGlobal
